
Microsoft Visual Studio Solution File, Format Version 12.00
# Visual Studio 15
VisualStudioVersion = 15.0.28307.168
MinimumVisualStudioVersion = 10.0.40219.1
Project("{FAE04EC0-301F-11D3-BF4B-00C04F79EFBC}") = "TestServ", "TestServ\TestServ.csproj", "{7791EE75-3CA8-4A29-A09E-B26248299AB9}"
EndProject
Global
	GlobalSection(SolutionConfigurationPlatforms) = preSolution
		Debug|Any CPU = Debug|Any CPU
		Release|Any CPU = Release|Any CPU
	EndGlobalSection
	GlobalSection(ProjectConfigurationPlatforms) = postSolution
		{7791EE75-3CA8-4A29-A09E-B26248299AB9}.Debug|Any CPU.ActiveCfg = Debug|Any CPU
		{7791EE75-3CA8-4A29-A09E-B26248299AB9}.Debug|Any CPU.Build.0 = Debug|Any CPU
		{7791EE75-3CA8-4A29-A09E-B26248299AB9}.Release|Any CPU.ActiveCfg = Release|Any CPU
		{7791EE75-3CA8-4A29-A09E-B26248299AB9}.Release|Any CPU.Build.0 = Release|Any CPU
	EndGlobalSection
	GlobalSection(SolutionProperties) = preSolution
		HideSolutionNode = FALSE
	EndGlobalSection
	GlobalSection(ExtensibilityGlobals) = postSolution
		SolutionGuid = {EE569DC4-A291-4F9E-AE1F-8B0D25154CE1}
	EndGlobalSection
EndGlobal
